
Microsoft Visual Studio Solution File, Format Version 12.00
# Visual Studio Version 16
VisualStudioVersion = 16.0.31410.357
MinimumVisualStudioVersion = 10.0.40219.1
Project("{FAE04EC0-301F-11D3-BF4B-00C04F79EFBC}") = "HelloWorld2", "HelloWorld2.csproj", "{CF254EC4-9C2E-4F04-B86E-01FAD31BBCD3}"
EndProject
Global
	GlobalSection(SolutionConfigurationPlatforms) = preSolution
		Debug|Any CPU = Debug|Any CPU
		Release|Any CPU = Release|Any CPU
	EndGlobalSection
	GlobalSection(ProjectConfigurationPlatforms) = postSolution
		{CF254EC4-9C2E-4F04-B86E-01FAD31BBCD3}.Debug|Any CPU.ActiveCfg = Debug|Any CPU
		{CF254EC4-9C2E-4F04-B86E-01FAD31BBCD3}.Debug|Any CPU.Build.0 = Debug|Any CPU
		{CF254EC4-9C2E-4F04-B86E-01FAD31BBCD3}.Release|Any CPU.ActiveCfg = Release|Any CPU
		{CF254EC4-9C2E-4F04-B86E-01FAD31BBCD3}.Release|Any CPU.Build.0 = Release|Any CPU
	EndGlobalSection
	GlobalSection(SolutionProperties) = preSolution
		HideSolutionNode = FALSE
	EndGlobalSection
	GlobalSection(ExtensibilityGlobals) = postSolution
		SolutionGuid = {7CE6C313-581A-4EAA-813A-ADB9A6EBAA9C}
	EndGlobalSection
EndGlobal
